
Microsoft Visual Studio Solution File, Format Version 12.00
Project("{FAE04EC0-301F-11D3-BF4B-00C04F79EFBC}") = "CryptoBank.WebAPI", "src\CryptoBank.WebAPI\CryptoBank.WebAPI.csproj", "{0578E442-8574-44C9-8114-388901191211}"
EndProject
Project("{FAE04EC0-301F-11D3-BF4B-00C04F79EFBC}") = "CryptoBank.Database", "src\CryptoBank.Database\CryptoBank.Database.csproj", "{B02B7A7E-F22F-4590-AAEB-CD2BA4CCC109}"
EndProject
Project("{FAE04EC0-301F-11D3-BF4B-00C04F79EFBC}") = "CryptoBank.Domain", "src\CryptoBank.Domain\CryptoBank.Domain.csproj", "{82DF124C-6706-4546-8FF8-448AEC0790DE}"
EndProject
Project("{2150E333-8FDC-42A3-9474-1A3956D46DE8}") = "Solution Items", "Solution Items", "{8373EEE9-569F-4097-90B3-81227E161E3C}"
	ProjectSection(SolutionItems) = preProject
		.editorconfig = .editorconfig
		.gitignore = .gitignore
		console-cheatsheet.md = console-cheatsheet.md
	EndProjectSection
EndProject
Project("{FAE04EC0-301F-11D3-BF4B-00C04F79EFBC}") = "CryptoBank.Common", "src\CryptoBank.Common\CryptoBank.Common.csproj", "{B7BB73E0-5454-4F9E-9831-2016BD6783F9}"
EndProject
Project("{2150E333-8FDC-42A3-9474-1A3956D46DE8}") = "Tests", "Tests", "{1A16890A-0383-4E1A-B5BF-A15377E5666D}"
EndProject
Project("{FAE04EC0-301F-11D3-BF4B-00C04F79EFBC}") = "CryptoBank.WebAPI.Tests.Integration", "tests\CryptoBank.WebAPI.Tests.Integration\CryptoBank.WebAPI.Tests.Integration.csproj", "{5637A29F-867C-435F-ADA8-9C0C41543E70}"
EndProject
Global
	GlobalSection(SolutionConfigurationPlatforms) = preSolution
		Debug|Any CPU = Debug|Any CPU
		Release|Any CPU = Release|Any CPU
	EndGlobalSection
	GlobalSection(ProjectConfigurationPlatforms) = postSolution
		{0578E442-8574-44C9-8114-388901191211}.Debug|Any CPU.ActiveCfg = Debug|Any CPU
		{0578E442-8574-44C9-8114-388901191211}.Debug|Any CPU.Build.0 = Debug|Any CPU
		{0578E442-8574-44C9-8114-388901191211}.Release|Any CPU.ActiveCfg = Release|Any CPU
		{0578E442-8574-44C9-8114-388901191211}.Release|Any CPU.Build.0 = Release|Any CPU
		{B02B7A7E-F22F-4590-AAEB-CD2BA4CCC109}.Debug|Any CPU.ActiveCfg = Debug|Any CPU
		{B02B7A7E-F22F-4590-AAEB-CD2BA4CCC109}.Debug|Any CPU.Build.0 = Debug|Any CPU
		{B02B7A7E-F22F-4590-AAEB-CD2BA4CCC109}.Release|Any CPU.ActiveCfg = Release|Any CPU
		{B02B7A7E-F22F-4590-AAEB-CD2BA4CCC109}.Release|Any CPU.Build.0 = Release|Any CPU
		{82DF124C-6706-4546-8FF8-448AEC0790DE}.Debug|Any CPU.ActiveCfg = Debug|Any CPU
		{82DF124C-6706-4546-8FF8-448AEC0790DE}.Debug|Any CPU.Build.0 = Debug|Any CPU
		{82DF124C-6706-4546-8FF8-448AEC0790DE}.Release|Any CPU.ActiveCfg = Release|Any CPU
		{82DF124C-6706-4546-8FF8-448AEC0790DE}.Release|Any CPU.Build.0 = Release|Any CPU
		{B7BB73E0-5454-4F9E-9831-2016BD6783F9}.Debug|Any CPU.ActiveCfg = Debug|Any CPU
		{B7BB73E0-5454-4F9E-9831-2016BD6783F9}.Debug|Any CPU.Build.0 = Debug|Any CPU
		{B7BB73E0-5454-4F9E-9831-2016BD6783F9}.Release|Any CPU.ActiveCfg = Release|Any CPU
		{B7BB73E0-5454-4F9E-9831-2016BD6783F9}.Release|Any CPU.Build.0 = Release|Any CPU
		{5637A29F-867C-435F-ADA8-9C0C41543E70}.Debug|Any CPU.ActiveCfg = Debug|Any CPU
		{5637A29F-867C-435F-ADA8-9C0C41543E70}.Debug|Any CPU.Build.0 = Debug|Any CPU
		{5637A29F-867C-435F-ADA8-9C0C41543E70}.Release|Any CPU.ActiveCfg = Release|Any CPU
		{5637A29F-867C-435F-ADA8-9C0C41543E70}.Release|Any CPU.Build.0 = Release|Any CPU
	EndGlobalSection
	GlobalSection(NestedProjects) = preSolution
		{5637A29F-867C-435F-ADA8-9C0C41543E70} = {1A16890A-0383-4E1A-B5BF-A15377E5666D}
	EndGlobalSection
EndGlobal
