{
  "version": 4,
  "terraform_version": "1.6.6",
  "serial": 89,
  "lineage": "2497e848-263e-f78f-b2b4-c426af097396",
  "outputs": {},
  "resources": [
    {
      "mode": "managed",
      "type": "hcloud_network",
      "name": "network",
      "provider": "provider[\"registry.terraform.io/hetznercloud/hcloud\"]",
      "instances": [
        {
          "schema_version": 0,
          "attributes": {
            "delete_protection": false,
            "expose_routes_to_vswitch": false,
            "id": "3714335",
            "ip_range": "10.0.0.0/16",
            "labels": null,
            "name": "main_network"
          },
          "sensitive_attributes": [],
          "private": "bnVsbA=="
        }
      ]
    },
    {
      "mode": "managed",
      "type": "hcloud_network_subnet",
      "name": "subnet",
      "provider": "provider[\"registry.terraform.io/hetznercloud/hcloud\"]",
      "instances": [
        {
          "schema_version": 0,
          "attributes": {
            "gateway": "10.0.0.1",
            "id": "3714335-10.0.1.0/24",
            "ip_range": "10.0.1.0/24",
            "network_id": 3714335,
            "network_zone": "eu-central",
            "type": "cloud",
            "vswitch_id": null
          },
          "sensitive_attributes": [],
          "private": "bnVsbA==",
          "dependencies": [
            "hcloud_network.network"
          ]
        }
      ]
    },
    {
      "module": "module.backend_server",
      "mode": "managed",
      "type": "hcloud_firewall",
      "name": "backend",
      "provider": "provider[\"registry.terraform.io/hetznercloud/hcloud\"]",
      "instances": [
        {
          "schema_version": 0,
          "attributes": {
            "apply_to": [],
            "id": "1183410",
            "labels": {},
            "name": "backend",
            "rule": [
              {
                "description": "Allow HTTP requests to server from frontend server via TCP",
                "destination_ips": [],
                "direction": "in",
                "port": "80",
                "protocol": "tcp",
                "source_ips": [
                  "10.0.1.1/32"
                ]
              },
              {
                "description": "Allow HTTP requests to server from frontend server via UDP",
                "destination_ips": [],
                "direction": "in",
                "port": "80",
                "protocol": "udp",
                "source_ips": [
                  "10.0.1.1/32"
                ]
              },
              {
                "description": "Allow HTTPS requests to server from frontend server via TCP",
                "destination_ips": [],
                "direction": "in",
                "port": "443",
                "protocol": "tcp",
                "source_ips": [
                  "10.0.1.1/32"
                ]
              },
              {
                "description": "Allow HTTPS requests to server from frontend server via UDP",
                "destination_ips": [],
                "direction": "in",
                "port": "443",
                "protocol": "udp",
                "source_ips": [
                  "10.0.1.1/32"
                ]
              }
            ]
          },
          "sensitive_attributes": [],
          "private": "bnVsbA=="
        }
      ]
    },
    {
      "module": "module.backend_server",
      "mode": "managed",
      "type": "hcloud_server",
      "name": "backend",
      "provider": "provider[\"registry.terraform.io/hetznercloud/hcloud\"]",
      "instances": [
        {
          "schema_version": 0,
          "attributes": {
            "allow_deprecated_images": false,
            "backup_window": "",
            "backups": false,
            "datacenter": "nbg1-dc3",
            "delete_protection": false,
            "firewall_ids": [
              1183410,
              1183411
            ],
            "id": "41126795",
            "ignore_remote_firewall_ids": false,
            "image": "ubuntu-22.04",
            "ipv4_address": "157.90.226.133",
            "ipv6_address": "2a01:4f8:c0c:1a97::1",
            "ipv6_network": "2a01:4f8:c0c:1a97::/64",
            "iso": null,
            "keep_disk": false,
            "labels": null,
            "location": "nbg1",
            "name": "backend",
            "network": [
              {
                "alias_ips": [],
                "ip": "10.0.1.2",
                "mac_address": "86:00:00:6f:50:4b",
                "network_id": 3714335
              }
            ],
            "placement_group_id": null,
            "public_net": [],
            "rebuild_protection": false,
            "rescue": null,
            "server_type": "cx11",
            "shutdown_before_deletion": false,
            "ssh_keys": null,
            "status": "running",
            "timeouts": null,
            "user_data": null
          },
          "sensitive_attributes": [],
          "private": "eyJlMmJmYjczMC1lY2FhLTExZTYtOGY4OC0zNDM2M2JjN2M0YzAiOnsiY3JlYXRlIjo1NDAwMDAwMDAwMDAwfX0=",
          "dependencies": [
            "hcloud_network.network",
            "module.backend_server.hcloud_firewall.backend",
            "module.base_firewall.hcloud_firewall.base"
          ]
        }
      ]
    },
    {
      "module": "module.base_firewall",
      "mode": "managed",
      "type": "hcloud_firewall",
      "name": "base",
      "provider": "provider[\"registry.terraform.io/hetznercloud/hcloud\"]",
      "instances": [
        {
          "schema_version": 0,
          "attributes": {
            "apply_to": [],
            "id": "1183411",
            "labels": {},
            "name": "base",
            "rule": [
              {
                "description": "Allow DNS requests from server via UDP",
                "destination_ips": [
                  "0.0.0.0/0",
                  "::/0"
                ],
                "direction": "out",
                "port": "53",
                "protocol": "udp",
                "source_ips": []
              },
              {
                "description": "Allow DNS requests via TCP",
                "destination_ips": [
                  "0.0.0.0/0",
                  "::/0"
                ],
                "direction": "out",
                "port": "53",
                "protocol": "tcp",
                "source_ips": []
              },
              {
                "description": "Allow HTTP requests from server via TCP",
                "destination_ips": [
                  "0.0.0.0/0",
                  "::/0"
                ],
                "direction": "out",
                "port": "80",
                "protocol": "tcp",
                "source_ips": []
              },
              {
                "description": "Allow HTTP requests from server via UDP",
                "destination_ips": [
                  "0.0.0.0/0",
                  "::/0"
                ],
                "direction": "out",
                "port": "80",
                "protocol": "udp",
                "source_ips": []
              },
              {
                "description": "Allow HTTPS requests from server via TCP",
                "destination_ips": [
                  "0.0.0.0/0",
                  "::/0"
                ],
                "direction": "out",
                "port": "443",
                "protocol": "tcp",
                "source_ips": []
              },
              {
                "description": "Allow HTTPS requests from server via UDP",
                "destination_ips": [
                  "0.0.0.0/0",
                  "::/0"
                ],
                "direction": "out",
                "port": "443",
                "protocol": "udp",
                "source_ips": []
              },
              {
                "description": "Allow SSH access from everywhere",
                "destination_ips": [],
                "direction": "in",
                "port": "22",
                "protocol": "tcp",
                "source_ips": [
                  "0.0.0.0/0",
                  "::/0"
                ]
              }
            ]
          },
          "sensitive_attributes": [],
          "private": "bnVsbA=="
        }
      ]
    },
    {
      "module": "module.database_server",
      "mode": "managed",
      "type": "hcloud_firewall",
      "name": "database",
      "provider": "provider[\"registry.terraform.io/hetznercloud/hcloud\"]",
      "instances": [
        {
          "schema_version": 0,
          "attributes": {
            "apply_to": [],
            "id": "1183408",
            "labels": {},
            "name": "database",
            "rule": [
              {
                "description": "Allow requests to server from backend server via TCP",
                "destination_ips": [],
                "direction": "in",
                "port": "5432",
                "protocol": "tcp",
                "source_ips": [
                  "10.0.1.2/32"
                ]
              }
            ]
          },
          "sensitive_attributes": [],
          "private": "bnVsbA=="
        }
      ]
    },
    {
      "module": "module.database_server",
      "mode": "managed",
      "type": "hcloud_server",
      "name": "database",
      "provider": "provider[\"registry.terraform.io/hetznercloud/hcloud\"]",
      "instances": [
        {
          "schema_version": 0,
          "attributes": {
            "allow_deprecated_images": false,
            "backup_window": "",
            "backups": false,
            "datacenter": "nbg1-dc3",
            "delete_protection": false,
            "firewall_ids": [
              1183408,
              1183411
            ],
            "id": "41126794",
            "ignore_remote_firewall_ids": false,
            "image": "ubuntu-22.04",
            "ipv4_address": "78.47.84.117",
            "ipv6_address": "2a01:4f8:1c1b:8852::1",
            "ipv6_network": "2a01:4f8:1c1b:8852::/64",
            "iso": null,
            "keep_disk": false,
            "labels": null,
            "location": "nbg1",
            "name": "database",
            "network": [
              {
                "alias_ips": [],
                "ip": "10.0.1.3",
                "mac_address": "86:00:00:6f:50:49",
                "network_id": 3714335
              }
            ],
            "placement_group_id": null,
            "public_net": [],
            "rebuild_protection": false,
            "rescue": null,
            "server_type": "cx11",
            "shutdown_before_deletion": false,
            "ssh_keys": null,
            "status": "running",
            "timeouts": null,
            "user_data": null
          },
          "sensitive_attributes": [],
          "private": "eyJlMmJmYjczMC1lY2FhLTExZTYtOGY4OC0zNDM2M2JjN2M0YzAiOnsiY3JlYXRlIjo1NDAwMDAwMDAwMDAwfX0=",
          "dependencies": [
            "hcloud_network.network",
            "module.base_firewall.hcloud_firewall.base",
            "module.database_server.hcloud_firewall.database"
          ]
        }
      ]
    },
    {
      "module": "module.frontend_server",
      "mode": "managed",
      "type": "hcloud_firewall",
      "name": "frontend",
      "provider": "provider[\"registry.terraform.io/hetznercloud/hcloud\"]",
      "instances": [
        {
          "schema_version": 0,
          "attributes": {
            "apply_to": [],
            "id": "1183409",
            "labels": {},
            "name": "frontend",
            "rule": [
              {
                "description": "Allow HTTP requests to server via TCP",
                "destination_ips": [],
                "direction": "in",
                "port": "80",
                "protocol": "tcp",
                "source_ips": [
                  "0.0.0.0/0",
                  "::/0"
                ]
              },
              {
                "description": "Allow HTTP requests to server via UDP",
                "destination_ips": [],
                "direction": "in",
                "port": "80",
                "protocol": "udp",
                "source_ips": [
                  "0.0.0.0/0",
                  "::/0"
                ]
              },
              {
                "description": "Allow HTTPS requests to server via TCP",
                "destination_ips": [],
                "direction": "in",
                "port": "443",
                "protocol": "tcp",
                "source_ips": [
                  "0.0.0.0/0",
                  "::/0"
                ]
              },
              {
                "description": "Allow HTTPS requests to server via UDP",
                "destination_ips": [],
                "direction": "in",
                "port": "443",
                "protocol": "udp",
                "source_ips": [
                  "0.0.0.0/0",
                  "::/0"
                ]
              }
            ]
          },
          "sensitive_attributes": [],
          "private": "bnVsbA=="
        }
      ]
    },
    {
      "module": "module.frontend_server",
      "mode": "managed",
      "type": "hcloud_server",
      "name": "frontend",
      "provider": "provider[\"registry.terraform.io/hetznercloud/hcloud\"]",
      "instances": [
        {
          "schema_version": 0,
          "attributes": {
            "allow_deprecated_images": false,
            "backup_window": "",
            "backups": false,
            "datacenter": "nbg1-dc3",
            "delete_protection": false,
            "firewall_ids": [
              1183409,
              1183411
            ],
            "id": "41126793",
            "ignore_remote_firewall_ids": false,
            "image": "ubuntu-22.04",
            "ipv4_address": "159.69.83.41",
            "ipv6_address": "2a01:4f8:1c1c:1a35::1",
            "ipv6_network": "2a01:4f8:1c1c:1a35::/64",
            "iso": null,
            "keep_disk": false,
            "labels": null,
            "location": "nbg1",
            "name": "frontend",
            "network": [
              {
                "alias_ips": [],
                "ip": "10.0.1.1",
                "mac_address": "86:00:00:6f:50:4a",
                "network_id": 3714335
              }
            ],
            "placement_group_id": null,
            "public_net": [],
            "rebuild_protection": false,
            "rescue": null,
            "server_type": "cx11",
            "shutdown_before_deletion": false,
            "ssh_keys": null,
            "status": "running",
            "timeouts": null,
            "user_data": null
          },
          "sensitive_attributes": [],
          "private": "eyJlMmJmYjczMC1lY2FhLTExZTYtOGY4OC0zNDM2M2JjN2M0YzAiOnsiY3JlYXRlIjo1NDAwMDAwMDAwMDAwfX0=",
          "dependencies": [
            "hcloud_network.network",
            "module.base_firewall.hcloud_firewall.base",
            "module.frontend_server.hcloud_firewall.frontend"
          ]
        }
      ]
    }
  ],
  "check_results": null
}
