{
  "version": 4,
  "terraform_version": "1.6.6",
  "serial": 180,
  "lineage": "2497e848-263e-f78f-b2b4-c426af097396",
  "outputs": {},
  "resources": [
    {
      "mode": "data",
      "type": "hcloud_ssh_key",
      "name": "ssh_key",
      "provider": "provider[\"registry.terraform.io/hetznercloud/hcloud\"]",
      "instances": [
        {
          "schema_version": 0,
          "attributes": {
            "fingerprint": "ce:8e:a4:76:0b:39:26:c6:28:79:f1:31:a8:91:3f:32",
            "id": 18367719,
            "labels": {},
            "name": "sergey rubtsov",
            "public_key": "ssh-rsa AAAAB3NzaC1yc2EAAAADAQABAAABgQC6TfrGfvxf3g5ZTbgtlXhLAZPiEte8L5jbiubxEIUpaZsaHNLttIJOgIIM7Tq+NZIom7yo+tTrulWrql8cxPVaMvsT2CWD2pNQmTD5HQkkitlxufiSVXa1HHqQnzY9KJWcQmO9pcCK9XLOlhCGca88iM5hhZhLuUWKPQuivE88JDXWJC+b98wqe9ZtNALOwFVNxLe8Cd1+jn+RqZQzWzNWnFFNY2lCwcOj1YqGKBrErpIte80MtR1ndgY9g56QvNLOEFFl3Mc3ZK/Rem80QA4lQ3C78vFfZKsqynlnzV3bo6SO7Rny3pqnJvmzGzMHOAWRSzr1yscSicsWCyoLT7wT/txXrBGQEqvwWmQ3Yk8UZS+GXObhxRKjOEyZV+KDNP2Io+FIo2DKBYxZJza3OhQUyzwAkUjHNAnvJSAUrhDyQhuXykALASpEaLX1+8C2tXq2XZL/2HZM1OK7tG88umsCxZ5RIR41QcESF1nQfCEyJW/YT0K4Vqs3freOPK7F2Ls=",
            "selector": null,
            "with_selector": null
          },
          "sensitive_attributes": []
        }
      ]
    },
    {
      "mode": "managed",
      "type": "hcloud_network",
      "name": "network",
      "provider": "provider[\"registry.terraform.io/hetznercloud/hcloud\"]",
      "instances": [
        {
          "schema_version": 0,
          "attributes": {
            "delete_protection": false,
            "expose_routes_to_vswitch": false,
            "id": "3755087",
            "ip_range": "10.0.0.0/16",
            "labels": null,
            "name": "main_network"
          },
          "sensitive_attributes": [],
          "private": "bnVsbA=="
        }
      ]
    },
    {
      "mode": "managed",
      "type": "hcloud_network_subnet",
      "name": "subnet",
      "provider": "provider[\"registry.terraform.io/hetznercloud/hcloud\"]",
      "instances": [
        {
          "schema_version": 0,
          "attributes": {
            "gateway": "10.0.0.1",
            "id": "3755087-10.0.1.0/24",
            "ip_range": "10.0.1.0/24",
            "network_id": 3755087,
            "network_zone": "eu-central",
            "type": "cloud",
            "vswitch_id": null
          },
          "sensitive_attributes": [],
          "private": "bnVsbA==",
          "dependencies": [
            "hcloud_network.network"
          ]
        }
      ]
    },
    {
      "module": "module.base_firewall",
      "mode": "managed",
      "type": "hcloud_firewall",
      "name": "base",
      "provider": "provider[\"registry.terraform.io/hetznercloud/hcloud\"]",
      "instances": [
        {
          "schema_version": 0,
          "attributes": {
            "apply_to": [],
            "id": "1196974",
            "labels": {},
            "name": "base",
            "rule": [
              {
                "description": "Allow DNS requests from server via UDP",
                "destination_ips": [
                  "0.0.0.0/0",
                  "::/0"
                ],
                "direction": "out",
                "port": "53",
                "protocol": "udp",
                "source_ips": []
              },
              {
                "description": "Allow DNS requests via TCP",
                "destination_ips": [
                  "0.0.0.0/0",
                  "::/0"
                ],
                "direction": "out",
                "port": "53",
                "protocol": "tcp",
                "source_ips": []
              },
              {
                "description": "Allow HTTP requests from server via TCP",
                "destination_ips": [
                  "0.0.0.0/0",
                  "::/0"
                ],
                "direction": "out",
                "port": "80",
                "protocol": "tcp",
                "source_ips": []
              },
              {
                "description": "Allow HTTP requests from server via UDP",
                "destination_ips": [
                  "0.0.0.0/0",
                  "::/0"
                ],
                "direction": "out",
                "port": "80",
                "protocol": "udp",
                "source_ips": []
              },
              {
                "description": "Allow HTTPS requests from server via TCP",
                "destination_ips": [
                  "0.0.0.0/0",
                  "::/0"
                ],
                "direction": "out",
                "port": "443",
                "protocol": "tcp",
                "source_ips": []
              },
              {
                "description": "Allow HTTPS requests from server via UDP",
                "destination_ips": [
                  "0.0.0.0/0",
                  "::/0"
                ],
                "direction": "out",
                "port": "443",
                "protocol": "udp",
                "source_ips": []
              },
              {
                "description": "Allow SSH access from everywhere",
                "destination_ips": [],
                "direction": "in",
                "port": "22",
                "protocol": "tcp",
                "source_ips": [
                  "0.0.0.0/0",
                  "::/0"
                ]
              }
            ]
          },
          "sensitive_attributes": [],
          "private": "bnVsbA=="
        }
      ]
    },
    {
      "module": "module.database_server",
      "mode": "managed",
      "type": "hcloud_firewall",
      "name": "database",
      "provider": "provider[\"registry.terraform.io/hetznercloud/hcloud\"]",
      "instances": [
        {
          "schema_version": 0,
          "attributes": {
            "apply_to": [],
            "id": "1196975",
            "labels": {},
            "name": "database",
            "rule": [
              {
                "description": "Allow requests to server from backend server via TCP",
                "destination_ips": [],
                "direction": "in",
                "port": "5432",
                "protocol": "tcp",
                "source_ips": [
                  "10.0.1.2/32"
                ]
              }
            ]
          },
          "sensitive_attributes": [],
          "private": "bnVsbA=="
        }
      ]
    },
    {
      "module": "module.database_server",
      "mode": "managed",
      "type": "hcloud_server",
      "name": "database",
      "provider": "provider[\"registry.terraform.io/hetznercloud/hcloud\"]",
      "instances": [
        {
          "schema_version": 0,
          "attributes": {
            "allow_deprecated_images": false,
            "backup_window": "",
            "backups": false,
            "datacenter": "nbg1-dc3",
            "delete_protection": false,
            "firewall_ids": [
              1196974,
              1196975
            ],
            "id": "41736844",
            "ignore_remote_firewall_ids": false,
            "image": "ubuntu-22.04",
            "ipv4_address": "23.88.100.126",
            "ipv6_address": "2a01:4f8:1c1c:8dae::1",
            "ipv6_network": "2a01:4f8:1c1c:8dae::/64",
            "iso": null,
            "keep_disk": false,
            "labels": null,
            "location": "nbg1",
            "name": "database",
            "network": [
              {
                "alias_ips": [],
                "ip": "10.0.1.3",
                "mac_address": "86:00:00:71:56:6e",
                "network_id": 3755087
              }
            ],
            "placement_group_id": null,
            "public_net": [],
            "rebuild_protection": false,
            "rescue": null,
            "server_type": "cx11",
            "shutdown_before_deletion": false,
            "ssh_keys": [
              "sergey rubtsov"
            ],
            "status": "running",
            "timeouts": null,
            "user_data": null
          },
          "sensitive_attributes": [],
          "private": "eyJlMmJmYjczMC1lY2FhLTExZTYtOGY4OC0zNDM2M2JjN2M0YzAiOnsiY3JlYXRlIjo1NDAwMDAwMDAwMDAwfX0=",
          "dependencies": [
            "data.hcloud_ssh_key.ssh_key",
            "hcloud_network.network",
            "module.base_firewall.hcloud_firewall.base",
            "module.database_server.hcloud_firewall.database"
          ]
        }
      ]
    }
  ],
  "check_results": null
}
